
Microsoft Visual Studio Solution File, Format Version 12.00
# Visual Studio Version 17
VisualStudioVersion = 17.1.32228.430
MinimumVisualStudioVersion = 10.0.40219.1
Project("{9A19103F-16F7-4668-BE54-9A1E7A4F7556}") = "Caomei", "Caomei\Caomei.csproj", "{6D1053C3-4FBF-473F-B81F-FC11DFD4B5A3}"
EndProject
Project("{9A19103F-16F7-4668-BE54-9A1E7A4F7556}") = "Caomei.Model", "Caomei.Model\Caomei.Model.csproj", "{92189A22-A906-4F2A-AA8F-E46B27883ABB}"
EndProject
Project("{9A19103F-16F7-4668-BE54-9A1E7A4F7556}") = "Caomei.DataAccess", "Caomei.DataAccess\Caomei.DataAccess.csproj", "{B2866480-543E-452B-BC8F-96CEC230C976}"
EndProject
Project("{9A19103F-16F7-4668-BE54-9A1E7A4F7556}") = "Caomei.ViewModel", "Caomei.ViewModel\Caomei.ViewModel.csproj", "{B4334F40-1084-4E3D-9F9B-2A085D1E93C7}"
EndProject
Project("{9A19103F-16F7-4668-BE54-9A1E7A4F7556}") = "Caomei.Client", "Caomei.Client\Caomei.Client.csproj", "{C9C168DC-AC00-469F-8CAA-03F001663554}"
EndProject
Project("{9A19103F-16F7-4668-BE54-9A1E7A4F7556}") = "Caomei.Shared", "Caomei.Shared\Caomei.Shared.csproj", "{855875C9-6272-4D1F-9AE3-CB79B83DC2B1}"
EndProject
Project("{9A19103F-16F7-4668-BE54-9A1E7A4F7556}") = "Caomei.Test", "Caomei.Test\Caomei.Test.csproj", "{323DE27A-8137-4E08-9340-7AF794BE9F93}"
EndProject
Project("{9A19103F-16F7-4668-BE54-9A1E7A4F7556}") = "Caomie.Core", "Caomie.Core\Caomie.Core.csproj", "{A07FBC3E-C225-4D96-A43A-BB08E15BFCE9}"
EndProject
Global
	GlobalSection(SolutionConfigurationPlatforms) = preSolution
		Debug|Any CPU = Debug|Any CPU
		Release|Any CPU = Release|Any CPU
	EndGlobalSection
	GlobalSection(ProjectConfigurationPlatforms) = postSolution
		{6D1053C3-4FBF-473F-B81F-FC11DFD4B5A3}.Debug|Any CPU.ActiveCfg = Debug|Any CPU
		{6D1053C3-4FBF-473F-B81F-FC11DFD4B5A3}.Debug|Any CPU.Build.0 = Debug|Any CPU
		{6D1053C3-4FBF-473F-B81F-FC11DFD4B5A3}.Release|Any CPU.ActiveCfg = Release|Any CPU
		{6D1053C3-4FBF-473F-B81F-FC11DFD4B5A3}.Release|Any CPU.Build.0 = Release|Any CPU
		{92189A22-A906-4F2A-AA8F-E46B27883ABB}.Debug|Any CPU.ActiveCfg = Debug|Any CPU
		{92189A22-A906-4F2A-AA8F-E46B27883ABB}.Debug|Any CPU.Build.0 = Debug|Any CPU
		{92189A22-A906-4F2A-AA8F-E46B27883ABB}.Release|Any CPU.ActiveCfg = Release|Any CPU
		{92189A22-A906-4F2A-AA8F-E46B27883ABB}.Release|Any CPU.Build.0 = Release|Any CPU
		{B2866480-543E-452B-BC8F-96CEC230C976}.Debug|Any CPU.ActiveCfg = Debug|Any CPU
		{B2866480-543E-452B-BC8F-96CEC230C976}.Debug|Any CPU.Build.0 = Debug|Any CPU
		{B2866480-543E-452B-BC8F-96CEC230C976}.Release|Any CPU.ActiveCfg = Release|Any CPU
		{B2866480-543E-452B-BC8F-96CEC230C976}.Release|Any CPU.Build.0 = Release|Any CPU
		{B4334F40-1084-4E3D-9F9B-2A085D1E93C7}.Debug|Any CPU.ActiveCfg = Debug|Any CPU
		{B4334F40-1084-4E3D-9F9B-2A085D1E93C7}.Debug|Any CPU.Build.0 = Debug|Any CPU
		{B4334F40-1084-4E3D-9F9B-2A085D1E93C7}.Release|Any CPU.ActiveCfg = Release|Any CPU
		{B4334F40-1084-4E3D-9F9B-2A085D1E93C7}.Release|Any CPU.Build.0 = Release|Any CPU
		{C9C168DC-AC00-469F-8CAA-03F001663554}.Debug|Any CPU.ActiveCfg = Debug|Any CPU
		{C9C168DC-AC00-469F-8CAA-03F001663554}.Debug|Any CPU.Build.0 = Debug|Any CPU
		{C9C168DC-AC00-469F-8CAA-03F001663554}.Release|Any CPU.ActiveCfg = Release|Any CPU
		{C9C168DC-AC00-469F-8CAA-03F001663554}.Release|Any CPU.Build.0 = Release|Any CPU
		{855875C9-6272-4D1F-9AE3-CB79B83DC2B1}.Debug|Any CPU.ActiveCfg = Debug|Any CPU
		{855875C9-6272-4D1F-9AE3-CB79B83DC2B1}.Debug|Any CPU.Build.0 = Debug|Any CPU
		{855875C9-6272-4D1F-9AE3-CB79B83DC2B1}.Release|Any CPU.ActiveCfg = Release|Any CPU
		{855875C9-6272-4D1F-9AE3-CB79B83DC2B1}.Release|Any CPU.Build.0 = Release|Any CPU
		{323DE27A-8137-4E08-9340-7AF794BE9F93}.Debug|Any CPU.ActiveCfg = Debug|Any CPU
		{323DE27A-8137-4E08-9340-7AF794BE9F93}.Debug|Any CPU.Build.0 = Debug|Any CPU
		{323DE27A-8137-4E08-9340-7AF794BE9F93}.Release|Any CPU.ActiveCfg = Release|Any CPU
		{323DE27A-8137-4E08-9340-7AF794BE9F93}.Release|Any CPU.Build.0 = Release|Any CPU
		{A07FBC3E-C225-4D96-A43A-BB08E15BFCE9}.Debug|Any CPU.ActiveCfg = Debug|Any CPU
		{A07FBC3E-C225-4D96-A43A-BB08E15BFCE9}.Debug|Any CPU.Build.0 = Debug|Any CPU
		{A07FBC3E-C225-4D96-A43A-BB08E15BFCE9}.Release|Any CPU.ActiveCfg = Release|Any CPU
		{A07FBC3E-C225-4D96-A43A-BB08E15BFCE9}.Release|Any CPU.Build.0 = Release|Any CPU
	EndGlobalSection
	GlobalSection(SolutionProperties) = preSolution
		HideSolutionNode = FALSE
	EndGlobalSection
	GlobalSection(ExtensibilityGlobals) = postSolution
		SolutionGuid = {1F219808-E6E8-4C1D-B846-41F2F7CF20FA}
		RESX_PrefixTranslations = False
	EndGlobalSection
EndGlobal
